
Microsoft Visual Studio Solution File, Format Version 12.00
# Visual Studio 15
VisualStudioVersion = 15.0.28307.136
MinimumVisualStudioVersion = 10.0.40219.1
Project("{FAE04EC0-301F-11D3-BF4B-00C04F79EFBC}") = "GeoMapSampleProject", "GeoMapSampleProject\GeoMapSampleProject.csproj", "{C7F759FD-AC17-4B6B-BEC1-C1550CBFB194}"
EndProject
Global
	GlobalSection(SolutionConfigurationPlatforms) = preSolution
		Debug|Any CPU = Debug|Any CPU
		Release|Any CPU = Release|Any CPU
	EndGlobalSection
	GlobalSection(ProjectConfigurationPlatforms) = postSolution
		{C7F759FD-AC17-4B6B-BEC1-C1550CBFB194}.Debug|Any CPU.ActiveCfg = Debug|Any CPU
		{C7F759FD-AC17-4B6B-BEC1-C1550CBFB194}.Debug|Any CPU.Build.0 = Debug|Any CPU
		{C7F759FD-AC17-4B6B-BEC1-C1550CBFB194}.Release|Any CPU.ActiveCfg = Release|Any CPU
		{C7F759FD-AC17-4B6B-BEC1-C1550CBFB194}.Release|Any CPU.Build.0 = Release|Any CPU
	EndGlobalSection
	GlobalSection(SolutionProperties) = preSolution
		HideSolutionNode = FALSE
	EndGlobalSection
	GlobalSection(ExtensibilityGlobals) = postSolution
		SolutionGuid = {9B8324B0-D123-4098-8D3E-83711C8CE610}
	EndGlobalSection
EndGlobal
